
Microsoft Visual Studio Solution File, Format Version 12.00
# Visual Studio 14
VisualStudioVersion = 14.0.24720.0
MinimumVisualStudioVersion = 10.0.40219.1
Project("{FAE04EC0-301F-11D3-BF4B-00C04F79EFBC}") = "AnovaWebApp", "AnovaWebApp\AnovaWebApp.csproj", "{9947EB3C-15AA-4FFD-9D0E-F41131DD0CA8}"
EndProject
Project("{FAE04EC0-301F-11D3-BF4B-00C04F79EFBC}") = "LibAnova", "LibAnova\LibAnova.csproj", "{1317EBB4-4104-4F20-AE8D-127C943D1878}"
EndProject
Project("{FAE04EC0-301F-11D3-BF4B-00C04F79EFBC}") = "AnovaTests", "AnovaTests\AnovaTests.csproj", "{C48AB265-3020-4BA4-957B-7EE1C854E6E5}"
EndProject
Global
	GlobalSection(SolutionConfigurationPlatforms) = preSolution
		Debug|Any CPU = Debug|Any CPU
		Release|Any CPU = Release|Any CPU
	EndGlobalSection
	GlobalSection(ProjectConfigurationPlatforms) = postSolution
		{9947EB3C-15AA-4FFD-9D0E-F41131DD0CA8}.Debug|Any CPU.ActiveCfg = Debug|Any CPU
		{9947EB3C-15AA-4FFD-9D0E-F41131DD0CA8}.Debug|Any CPU.Build.0 = Debug|Any CPU
		{9947EB3C-15AA-4FFD-9D0E-F41131DD0CA8}.Release|Any CPU.ActiveCfg = Release|Any CPU
		{9947EB3C-15AA-4FFD-9D0E-F41131DD0CA8}.Release|Any CPU.Build.0 = Release|Any CPU
		{1317EBB4-4104-4F20-AE8D-127C943D1878}.Debug|Any CPU.ActiveCfg = Debug|Any CPU
		{1317EBB4-4104-4F20-AE8D-127C943D1878}.Debug|Any CPU.Build.0 = Debug|Any CPU
		{1317EBB4-4104-4F20-AE8D-127C943D1878}.Release|Any CPU.ActiveCfg = Release|Any CPU
		{1317EBB4-4104-4F20-AE8D-127C943D1878}.Release|Any CPU.Build.0 = Release|Any CPU
		{C48AB265-3020-4BA4-957B-7EE1C854E6E5}.Debug|Any CPU.ActiveCfg = Debug|Any CPU
		{C48AB265-3020-4BA4-957B-7EE1C854E6E5}.Debug|Any CPU.Build.0 = Debug|Any CPU
		{C48AB265-3020-4BA4-957B-7EE1C854E6E5}.Release|Any CPU.ActiveCfg = Release|Any CPU
		{C48AB265-3020-4BA4-957B-7EE1C854E6E5}.Release|Any CPU.Build.0 = Release|Any CPU
	EndGlobalSection
	GlobalSection(SolutionProperties) = preSolution
		HideSolutionNode = FALSE
	EndGlobalSection
EndGlobal
